{
  "name": "toolken-docs",
  "version": "1.0.0",
  "lockfileVersion": 3,
  "requires": true,
  "packages": {
    "": {
      "name": "toolken-docs",
      "version": "1.0.0",
      "devDependencies": {
        "mint": "latest"
      }
    },
    "node_modules/mint": {
      "version": "0.3.5",
      "resolved": "https://registry.npmjs.org/mint/-/mint-0.3.5.tgz",
      "integrity": "sha512-lasQK0V8t0i7Lwdn24M2i0T9rBctrltucR7PmK99jRuq7AySM738PghRoaEgCty0mlfXVPouBtJ2KdCG/cXYtQ==",
      "deprecated": "This version is deprecated. Please upgrade to version 4.0.423 or later.",
      "dev": true,
      "engines": {
        "node": ">= 0.4.0"
      }
    }
  }
}
